<?xml version="1.0" encoding="UTF-8"?>
<Scheme
   LastUpgradeVersion = "1340"
   version = "1.3">
   <BuildAction
      parallelizeBuildables = "YES"
      buildImplicitDependencies = "YES">
      <BuildActionEntries>
         <BuildActionEntry
            buildForTesting = "YES"
            buildForRunning = "YES"
            buildForProfiling = "YES"
            buildForArchiving = "YES"
            buildForAnalyzing = "YES">
            <BuildableReference
               BuildableIdentifier = "primary"
               BlueprintIdentifier = "9B4A0E4351D24F8AA9B2B58C"
               BuildableName = "ALL_BUILD"
               BlueprintName = "ALL_BUILD"
               ReferencedContainer = "container:xcode/Assignment1.xcodeproj">
            </BuildableReference>
         </BuildActionEntry>
      </BuildActionEntries>
   </BuildAction>
   <TestAction
      buildConfiguration = "Debug"
      selectedDebuggerIdentifier = "Xcode.DebuggerFoundation.Debugger.LLDB"
      selectedLauncherIdentifier = "Xcode.DebuggerFoundation.Launcher.LLDB"
      shouldUseLaunchSchemeArgsEnv = "YES">
      <Testables>
      </Testables>
   </TestAction>
   <LaunchAction
      buildConfiguration = "Debug"
      selectedDebuggerIdentifier = "Xcode.DebuggerFoundation.Debugger.LLDB"
      selectedLauncherIdentifier = "Xcode.DebuggerFoundation.Launcher.LLDB"
      launchStyle = "0"
      useCustomWorkingDirectory = "YES"
      customWorkingDirectory = "/Users/joeyhou0804/Desktop/cs184/p1-rasterizer-sp23-nukyeoj-master/xcode"
      ignoresPersistentStateOnLaunch = "NO"
      debugDocumentVersioning = "YES"
      debugServiceExtension = "internal"
      allowLocationSimulation = "YES">
      <BuildableProductRunnable
         runnableDebuggingMode = "0">
         <BuildableReference
            BuildableIdentifier = "primary"
            BlueprintIdentifier = "D524D704B95940A289058656"
            BuildableName = "draw"
            BlueprintName = "draw"
            ReferencedContainer = "container:xcode/Assignment1.xcodeproj">
         </BuildableReference>
      </BuildableProductRunnable>
      <CommandLineArguments>
         <CommandLineArgument
            argument = "../svg/basic/test1.svg"
            isEnabled = "NO">
         </CommandLineArgument>
         <CommandLineArgument
            argument = "../svg/texmap/test1.svg"
            isEnabled = "NO">
         </CommandLineArgument>
         <CommandLineArgument
            argument = "../svg/texmap/test2.svg"
            isEnabled = "NO">
         </CommandLineArgument>
         <CommandLineArgument
            argument = "../svg/texmap/test3.svg"
            isEnabled = "YES">
         </CommandLineArgument>
         <CommandLineArgument
            argument = "../svg/texmap/test4.svg"
            isEnabled = "NO">
         </CommandLineArgument>
         <CommandLineArgument
            argument = "../svg/texmap/test5.svg"
            isEnabled = "NO">
         </CommandLineArgument>
         <CommandLineArgument
            argument = "../svg/texmap/test6.svg"
            isEnabled = "NO">
         </CommandLineArgument>
         <CommandLineArgument
            argument = "../svg/basic/test7.svg"
            isEnabled = "NO">
         </CommandLineArgument>
         <CommandLineArgument
            argument = "../svg/basic/test8.svg"
            isEnabled = "NO">
         </CommandLineArgument>
         <CommandLineArgument
            argument = "../svg/transforms/robot.svg"
            isEnabled = "NO">
         </CommandLineArgument>
         <CommandLineArgument
            argument = "../svg/basic/test6.svg"
            isEnabled = "NO">
         </CommandLineArgument>
         <CommandLineArgument
            argument = "../svg/basic/test3.svg"
            isEnabled = "NO">
         </CommandLineArgument>
         <CommandLineArgument
            argument = "../svg/basic/test4.svg"
            isEnabled = "NO">
         </CommandLineArgument>
         <CommandLineArgument
            argument = "../svg/basic/test5.svg"
            isEnabled = "NO">
         </CommandLineArgument>
      </CommandLineArguments>
   </LaunchAction>
   <ProfileAction
      buildConfiguration = "Release"
      shouldUseLaunchSchemeArgsEnv = "YES"
      savedToolIdentifier = ""
      useCustomWorkingDirectory = "NO"
      debugDocumentVersioning = "YES">
      <MacroExpansion>
         <BuildableReference
            BuildableIdentifier = "primary"
            BlueprintIdentifier = "9B4A0E4351D24F8AA9B2B58C"
            BuildableName = "ALL_BUILD"
            BlueprintName = "ALL_BUILD"
            ReferencedContainer = "container:xcode/Assignment1.xcodeproj">
         </BuildableReference>
      </MacroExpansion>
   </ProfileAction>
   <AnalyzeAction
      buildConfiguration = "Debug">
   </AnalyzeAction>
   <ArchiveAction
      buildConfiguration = "Release"
      revealArchiveInOrganizer = "YES">
   </ArchiveAction>
</Scheme>
